
Microsoft Visual Studio Solution File, Format Version 12.00
# Visual Studio 15
VisualStudioVersion = 15.0.27130.2027
MinimumVisualStudioVersion = 10.0.40219.1
Project("{FAE04EC0-301F-11D3-BF4B-00C04F79EFBC}") = "CanSat_Desktop", "CanSat_Desktop\CanSat_Desktop.csproj", "{5AA6E90F-EDE1-495B-BD0F-26B5BA025444}"
EndProject
Project("{888888A0-9F3D-457C-B088-3A5042F75D52}") = "Processing program", "Processing program\Processing program.pyproj", "{0739CC88-E21D-4918-B927-C398045F9070}"
EndProject
Project("{8BC9CEB8-8B4A-11D0-8D11-00A0C91BC942}") = "3D fly model", "3D fly model\3D fly model.vcxproj", "{8E879CC2-D710-40E2-AAFB-634B737A3EDD}"
EndProject
Global
	GlobalSection(SolutionConfigurationPlatforms) = preSolution
		Debug|Any CPU = Debug|Any CPU
		Debug|ARM = Debug|ARM
		Debug|x64 = Debug|x64
		Debug|x86 = Debug|x86
		Release|Any CPU = Release|Any CPU
		Release|ARM = Release|ARM
		Release|x64 = Release|x64
		Release|x86 = Release|x86
	EndGlobalSection
	GlobalSection(ProjectConfigurationPlatforms) = postSolution
		{5AA6E90F-EDE1-495B-BD0F-26B5BA025444}.Debug|Any CPU.ActiveCfg = Debug|Any CPU
		{5AA6E90F-EDE1-495B-BD0F-26B5BA025444}.Debug|Any CPU.Build.0 = Debug|Any CPU
		{5AA6E90F-EDE1-495B-BD0F-26B5BA025444}.Debug|ARM.ActiveCfg = Debug|Any CPU
		{5AA6E90F-EDE1-495B-BD0F-26B5BA025444}.Debug|ARM.Build.0 = Debug|Any CPU
		{5AA6E90F-EDE1-495B-BD0F-26B5BA025444}.Debug|x64.ActiveCfg = Debug|Any CPU
		{5AA6E90F-EDE1-495B-BD0F-26B5BA025444}.Debug|x64.Build.0 = Debug|Any CPU
		{5AA6E90F-EDE1-495B-BD0F-26B5BA025444}.Debug|x86.ActiveCfg = Debug|Any CPU
		{5AA6E90F-EDE1-495B-BD0F-26B5BA025444}.Debug|x86.Build.0 = Debug|Any CPU
		{5AA6E90F-EDE1-495B-BD0F-26B5BA025444}.Release|Any CPU.ActiveCfg = Release|Any CPU
		{5AA6E90F-EDE1-495B-BD0F-26B5BA025444}.Release|Any CPU.Build.0 = Release|Any CPU
		{5AA6E90F-EDE1-495B-BD0F-26B5BA025444}.Release|ARM.ActiveCfg = Release|Any CPU
		{5AA6E90F-EDE1-495B-BD0F-26B5BA025444}.Release|ARM.Build.0 = Release|Any CPU
		{5AA6E90F-EDE1-495B-BD0F-26B5BA025444}.Release|x64.ActiveCfg = Release|Any CPU
		{5AA6E90F-EDE1-495B-BD0F-26B5BA025444}.Release|x64.Build.0 = Release|Any CPU
		{5AA6E90F-EDE1-495B-BD0F-26B5BA025444}.Release|x86.ActiveCfg = Release|Any CPU
		{5AA6E90F-EDE1-495B-BD0F-26B5BA025444}.Release|x86.Build.0 = Release|Any CPU
		{0739CC88-E21D-4918-B927-C398045F9070}.Debug|Any CPU.ActiveCfg = Debug|Any CPU
		{0739CC88-E21D-4918-B927-C398045F9070}.Debug|ARM.ActiveCfg = Debug|Any CPU
		{0739CC88-E21D-4918-B927-C398045F9070}.Debug|x64.ActiveCfg = Debug|Any CPU
		{0739CC88-E21D-4918-B927-C398045F9070}.Debug|x86.ActiveCfg = Debug|Any CPU
		{0739CC88-E21D-4918-B927-C398045F9070}.Release|Any CPU.ActiveCfg = Release|Any CPU
		{0739CC88-E21D-4918-B927-C398045F9070}.Release|ARM.ActiveCfg = Release|Any CPU
		{0739CC88-E21D-4918-B927-C398045F9070}.Release|x64.ActiveCfg = Release|Any CPU
		{0739CC88-E21D-4918-B927-C398045F9070}.Release|x86.ActiveCfg = Release|Any CPU
		{8E879CC2-D710-40E2-AAFB-634B737A3EDD}.Debug|Any CPU.ActiveCfg = Debug|Win32
		{8E879CC2-D710-40E2-AAFB-634B737A3EDD}.Debug|ARM.ActiveCfg = Debug|Win32
		{8E879CC2-D710-40E2-AAFB-634B737A3EDD}.Debug|x64.ActiveCfg = Debug|x64
		{8E879CC2-D710-40E2-AAFB-634B737A3EDD}.Debug|x64.Build.0 = Debug|x64
		{8E879CC2-D710-40E2-AAFB-634B737A3EDD}.Debug|x86.ActiveCfg = Debug|Win32
		{8E879CC2-D710-40E2-AAFB-634B737A3EDD}.Debug|x86.Build.0 = Debug|Win32
		{8E879CC2-D710-40E2-AAFB-634B737A3EDD}.Release|Any CPU.ActiveCfg = Release|x64
		{8E879CC2-D710-40E2-AAFB-634B737A3EDD}.Release|ARM.ActiveCfg = Release|Win32
		{8E879CC2-D710-40E2-AAFB-634B737A3EDD}.Release|x64.ActiveCfg = Release|x64
		{8E879CC2-D710-40E2-AAFB-634B737A3EDD}.Release|x64.Build.0 = Release|x64
		{8E879CC2-D710-40E2-AAFB-634B737A3EDD}.Release|x86.ActiveCfg = Release|Win32
		{8E879CC2-D710-40E2-AAFB-634B737A3EDD}.Release|x86.Build.0 = Release|Win32
	EndGlobalSection
	GlobalSection(SolutionProperties) = preSolution
		HideSolutionNode = FALSE
	EndGlobalSection
	GlobalSection(ExtensibilityGlobals) = postSolution
		SolutionGuid = {814D148E-798A-4C16-BD19-A4D42E8A74CC}
	EndGlobalSection
EndGlobal
