<?xml version="1.0" encoding="utf-8"?>
<Project ToolsVersion="4.0" xmlns="http://schemas.microsoft.com/developer/msbuild/2003">
  <ItemGroup>
    <Filter Include="Исходные файлы">
      <UniqueIdentifier>{4FC737F1-C7A5-4376-A066-2A32D752A2FF}</UniqueIdentifier>
      <Extensions>cpp;c;cc;cxx;def;odl;idl;hpj;bat;asm;asmx</Extensions>
    </Filter>
    <Filter Include="Файлы заголовков">
      <UniqueIdentifier>{93995380-89BD-4b04-88EB-625FBE52EBFB}</UniqueIdentifier>
      <Extensions>h;hh;hpp;hxx;hm;inl;inc;ipp;xsd</Extensions>
    </Filter>
    <Filter Include="Файлы ресурсов">
      <UniqueIdentifier>{67DA6AB6-F800-4c08-8B7A-83BB121AAD01}</UniqueIdentifier>
      <Extensions>rc;ico;cur;bmp;dlg;rc2;rct;bin;rgs;gif;jpg;jpeg;jpe;resx;tiff;tif;png;wav;mfcribbon-ms</Extensions>
    </Filter>
    <Filter Include="Helpers">
      <UniqueIdentifier>{a779adc1-9914-4d5c-b9ab-ff9080d50758}</UniqueIdentifier>
    </Filter>
  </ItemGroup>
  <ItemGroup>
    <ClInclude Include="stdafx.h">
      <Filter>Файлы заголовков</Filter>
    </ClInclude>
    <ClInclude Include="targetver.h">
      <Filter>Файлы заголовков</Filter>
    </ClInclude>
    <ClInclude Include="skydomeclass.h">
      <Filter>Файлы заголовков</Filter>
    </ClInclude>
    <ClInclude Include="skydomeshaderclass.h">
      <Filter>Файлы заголовков</Filter>
    </ClInclude>
    <ClInclude Include="d3dclass.h">
      <Filter>Файлы заголовков</Filter>
    </ClInclude>
    <ClInclude Include="applicationclass.h">
      <Filter>Файлы заголовков</Filter>
    </ClInclude>
    <ClInclude Include="terrainclass.h">
      <Filter>Файлы заголовков</Filter>
    </ClInclude>
    <ClInclude Include="terrainshaderclass.h">
      <Filter>Файлы заголовков</Filter>
    </ClInclude>
    <ClInclude Include="textclass.h">
      <Filter>Файлы заголовков</Filter>
    </ClInclude>
    <ClInclude Include="inputclass.h">
      <Filter>Файлы заголовков</Filter>
    </ClInclude>
    <ClInclude Include="systemclass.h">
      <Filter>Файлы заголовков</Filter>
    </ClInclude>
    <ClInclude Include="lightclass.h">
      <Filter>Файлы заголовков</Filter>
    </ClInclude>
    <ClInclude Include="positionclass.h">
      <Filter>Файлы заголовков</Filter>
    </ClInclude>
    <ClInclude Include="cameraclass.h">
      <Filter>Файлы заголовков</Filter>
    </ClInclude>
    <ClInclude Include="fpsclass.h">
      <Filter>Файлы заголовков</Filter>
    </ClInclude>
    <ClInclude Include="fontshaderclass.h">
      <Filter>Файлы заголовков</Filter>
    </ClInclude>
    <ClInclude Include="fontclass.h">
      <Filter>Файлы заголовков</Filter>
    </ClInclude>
    <ClInclude Include="textureclass.h">
      <Filter>Файлы заголовков</Filter>
    </ClInclude>
    <ClInclude Include="cpuclass.h">
      <Filter>Файлы заголовков</Filter>
    </ClInclude>
    <ClInclude Include="timerclass.h">
      <Filter>Файлы заголовков</Filter>
    </ClInclude>
    <ClInclude Include="helpers\dds.h">
      <Filter>Helpers</Filter>
    </ClInclude>
    <ClInclude Include="helpers\DDSTextureLoader.h">
      <Filter>Helpers</Filter>
    </ClInclude>
    <ClInclude Include="helpers\DirectXHelpers.h">
      <Filter>Helpers</Filter>
    </ClInclude>
    <ClInclude Include="helpers\LoaderHelpers.h">
      <Filter>Helpers</Filter>
    </ClInclude>
    <ClInclude Include="helpers\pch.h">
      <Filter>Helpers</Filter>
    </ClInclude>
    <ClInclude Include="helpers\PlatformHelpers.h">
      <Filter>Helpers</Filter>
    </ClInclude>
    <ClInclude Include="dbsyncronizer.h">
      <Filter>Файлы заголовков</Filter>
    </ClInclude>
    <ClInclude Include="modelclass.h">
      <Filter>Файлы заголовков</Filter>
    </ClInclude>
    <ClInclude Include="modelshaderclass.h">
      <Filter>Файлы заголовков</Filter>
    </ClInclude>
    <ClInclude Include="trackclass.h">
      <Filter>Файлы заголовков</Filter>
    </ClInclude>
    <ClInclude Include="trackshaderclass.h">
      <Filter>Файлы заголовков</Filter>
    </ClInclude>
    <ClInclude Include="MYDB.h">
      <Filter>Файлы заголовков</Filter>
    </ClInclude>
    <ClInclude Include="flyinfoclass.h">
      <Filter>Файлы заголовков</Filter>
    </ClInclude>
  </ItemGroup>
  <ItemGroup>
    <ClCompile Include="stdafx.cpp">
      <Filter>Исходные файлы</Filter>
    </ClCompile>
    <ClCompile Include="d3dclass.cpp">
      <Filter>Исходные файлы</Filter>
    </ClCompile>
    <ClCompile Include="skydomeshaderclass.cpp">
      <Filter>Исходные файлы</Filter>
    </ClCompile>
    <ClCompile Include="inputclass.cpp">
      <Filter>Исходные файлы</Filter>
    </ClCompile>
    <ClCompile Include="skydomeclass.cpp">
      <Filter>Исходные файлы</Filter>
    </ClCompile>
    <ClCompile Include="applicationclass.cpp">
      <Filter>Исходные файлы</Filter>
    </ClCompile>
    <ClCompile Include="terrainclass.cpp">
      <Filter>Исходные файлы</Filter>
    </ClCompile>
    <ClCompile Include="terrainshaderclass.cpp">
      <Filter>Исходные файлы</Filter>
    </ClCompile>
    <ClCompile Include="textclass.cpp">
      <Filter>Исходные файлы</Filter>
    </ClCompile>
    <ClCompile Include="systemclass.cpp">
      <Filter>Исходные файлы</Filter>
    </ClCompile>
    <ClCompile Include="lightclass.cpp">
      <Filter>Исходные файлы</Filter>
    </ClCompile>
    <ClCompile Include="positionclass.cpp">
      <Filter>Исходные файлы</Filter>
    </ClCompile>
    <ClCompile Include="timerclass.cpp">
      <Filter>Исходные файлы</Filter>
    </ClCompile>
    <ClCompile Include="fpsclass.cpp">
      <Filter>Исходные файлы</Filter>
    </ClCompile>
    <ClCompile Include="cpuclass.cpp">
      <Filter>Исходные файлы</Filter>
    </ClCompile>
    <ClCompile Include="cameraclass.cpp">
      <Filter>Исходные файлы</Filter>
    </ClCompile>
    <ClCompile Include="fontshaderclass.cpp">
      <Filter>Исходные файлы</Filter>
    </ClCompile>
    <ClCompile Include="fontclass.cpp">
      <Filter>Исходные файлы</Filter>
    </ClCompile>
    <ClCompile Include="textureclass.cpp">
      <Filter>Исходные файлы</Filter>
    </ClCompile>
    <ClCompile Include="main.cpp">
      <Filter>Исходные файлы</Filter>
    </ClCompile>
    <ClCompile Include="helpers\DDSTextureLoader.cpp">
      <Filter>Helpers</Filter>
    </ClCompile>
    <ClCompile Include="dbsyncronizer.cpp">
      <Filter>Исходные файлы</Filter>
    </ClCompile>
    <ClCompile Include="modelclass.cpp">
      <Filter>Исходные файлы</Filter>
    </ClCompile>
    <ClCompile Include="modelshaderclass.cpp">
      <Filter>Исходные файлы</Filter>
    </ClCompile>
    <ClCompile Include="trackclass.cpp">
      <Filter>Исходные файлы</Filter>
    </ClCompile>
    <ClCompile Include="trackshaderclass.cpp">
      <Filter>Исходные файлы</Filter>
    </ClCompile>
    <ClCompile Include="MYDB.cpp">
      <Filter>Исходные файлы</Filter>
    </ClCompile>
    <ClCompile Include="flyinfoclass.cpp">
      <Filter>Исходные файлы</Filter>
    </ClCompile>
  </ItemGroup>
</Project>